
Microsoft Visual Studio Solution File, Format Version 12.00
# Visual Studio 15
VisualStudioVersion = 15.0.26228.4
MinimumVisualStudioVersion = 10.0.40219.1
Project("{FAE04EC0-301F-11D3-BF4B-00C04F79EFBC}") = "O2M", "O2M\O2M.csproj", "{D44863FC-588D-460D-A385-DE624CAD613B}"
EndProject
Project("{FAE04EC0-301F-11D3-BF4B-00C04F79EFBC}") = "DAO", "DAO\DAO.csproj", "{03EF1794-342D-4317-8F2F-FB97F835C868}"
EndProject
Project("{FAE04EC0-301F-11D3-BF4B-00C04F79EFBC}") = "Model", "Model\Model.csproj", "{5BE0C478-5D64-457F-85C7-B9D97911935D}"
EndProject
Project("{FAE04EC0-301F-11D3-BF4B-00C04F79EFBC}") = "Business", "Business\Business.csproj", "{7A9ECC98-623B-4C1D-BF27-83CFADB75D38}"
EndProject
Project("{FAE04EC0-301F-11D3-BF4B-00C04F79EFBC}") = "Util", "Util\Util.csproj", "{74786869-0DB3-43FD-9267-189612D18E2D}"
EndProject
Project("{2150E333-8FDC-42A3-9474-1A3956D46DE8}") = "Xamarin", "Xamarin", "{1A9FA4F2-AAE4-4434-8C51-5DE821329E1E}"
EndProject
Project("{FAE04EC0-301F-11D3-BF4B-00C04F79EFBC}") = "O2MLeads", "O2MLeads\O2MLeads\O2MLeads.csproj", "{673AB4C3-7C2D-4119-AA6B-FA914E871F52}"
EndProject
Project("{FAE04EC0-301F-11D3-BF4B-00C04F79EFBC}") = "O2MLeads.Droid", "O2MLeads\O2MLeads.Droid\O2MLeads.Droid.csproj", "{96447738-E8A8-40C4-A90B-0E22326022B3}"
EndProject
Project("{FAE04EC0-301F-11D3-BF4B-00C04F79EFBC}") = "O2MLeads.iOS", "O2MLeads\O2MLeads.iOS\O2MLeads.iOS.csproj", "{D8C9E4E1-3021-44C4-91CE-5023A21DD869}"
EndProject
Project("{FAE04EC0-301F-11D3-BF4B-00C04F79EFBC}") = "O2MLeads.WinPhone", "O2MLeads\O2MLeads.WinPhone\O2MLeads.WinPhone.csproj", "{1EC612F6-E648-43C8-A057-18DD75B84627}"
EndProject
Project("{FAE04EC0-301F-11D3-BF4B-00C04F79EFBC}") = "O2MLeads.UWP", "O2MLeads\O2MLeads.UWP\O2MLeads.UWP.csproj", "{A4C4B49E-30F4-43D2-8F9A-CA1B52D6BCB1}"
EndProject
Project("{FAE04EC0-301F-11D3-BF4B-00C04F79EFBC}") = "O2MLeads.Windows", "O2MLeads\O2MLeads.Windows\O2MLeads.Windows.csproj", "{A3BA3B81-8DB5-4982-B248-E7E7F6BF4361}"
EndProject
Project("{FAE04EC0-301F-11D3-BF4B-00C04F79EFBC}") = "WS", "WS\WS.csproj", "{A2C19CFC-7296-4F80-BE9B-8A6E87AC0DBE}"
EndProject
Global
	GlobalSection(SolutionConfigurationPlatforms) = preSolution
		Ad-Hoc|Any CPU = Ad-Hoc|Any CPU
		Ad-Hoc|ARM = Ad-Hoc|ARM
		Ad-Hoc|iPhone = Ad-Hoc|iPhone
		Ad-Hoc|iPhoneSimulator = Ad-Hoc|iPhoneSimulator
		Ad-Hoc|x64 = Ad-Hoc|x64
		Ad-Hoc|x86 = Ad-Hoc|x86
		AppStore|Any CPU = AppStore|Any CPU
		AppStore|ARM = AppStore|ARM
		AppStore|iPhone = AppStore|iPhone
		AppStore|iPhoneSimulator = AppStore|iPhoneSimulator
		AppStore|x64 = AppStore|x64
		AppStore|x86 = AppStore|x86
		Debug|Any CPU = Debug|Any CPU
		Debug|ARM = Debug|ARM
		Debug|iPhone = Debug|iPhone
		Debug|iPhoneSimulator = Debug|iPhoneSimulator
		Debug|x64 = Debug|x64
		Debug|x86 = Debug|x86
		Release|Any CPU = Release|Any CPU
		Release|ARM = Release|ARM
		Release|iPhone = Release|iPhone
		Release|iPhoneSimulator = Release|iPhoneSimulator
		Release|x64 = Release|x64
		Release|x86 = Release|x86
	EndGlobalSection
	GlobalSection(ProjectConfigurationPlatforms) = postSolution
		{D44863FC-588D-460D-A385-DE624CAD613B}.Ad-Hoc|Any CPU.ActiveCfg = Release|Any CPU
		{D44863FC-588D-460D-A385-DE624CAD613B}.Ad-Hoc|Any CPU.Build.0 = Release|Any CPU
		{D44863FC-588D-460D-A385-DE624CAD613B}.Ad-Hoc|ARM.ActiveCfg = Release|Any CPU
		{D44863FC-588D-460D-A385-DE624CAD613B}.Ad-Hoc|ARM.Build.0 = Release|Any CPU
		{D44863FC-588D-460D-A385-DE624CAD613B}.Ad-Hoc|iPhone.ActiveCfg = Release|Any CPU
		{D44863FC-588D-460D-A385-DE624CAD613B}.Ad-Hoc|iPhone.Build.0 = Release|Any CPU
		{D44863FC-588D-460D-A385-DE624CAD613B}.Ad-Hoc|iPhoneSimulator.ActiveCfg = Release|Any CPU
		{D44863FC-588D-460D-A385-DE624CAD613B}.Ad-Hoc|iPhoneSimulator.Build.0 = Release|Any CPU
		{D44863FC-588D-460D-A385-DE624CAD613B}.Ad-Hoc|x64.ActiveCfg = Release|Any CPU
		{D44863FC-588D-460D-A385-DE624CAD613B}.Ad-Hoc|x64.Build.0 = Release|Any CPU
		{D44863FC-588D-460D-A385-DE624CAD613B}.Ad-Hoc|x86.ActiveCfg = Release|Any CPU
		{D44863FC-588D-460D-A385-DE624CAD613B}.Ad-Hoc|x86.Build.0 = Release|Any CPU
		{D44863FC-588D-460D-A385-DE624CAD613B}.AppStore|Any CPU.ActiveCfg = Release|Any CPU
		{D44863FC-588D-460D-A385-DE624CAD613B}.AppStore|Any CPU.Build.0 = Release|Any CPU
		{D44863FC-588D-460D-A385-DE624CAD613B}.AppStore|ARM.ActiveCfg = Release|Any CPU
		{D44863FC-588D-460D-A385-DE624CAD613B}.AppStore|ARM.Build.0 = Release|Any CPU
		{D44863FC-588D-460D-A385-DE624CAD613B}.AppStore|iPhone.ActiveCfg = Release|Any CPU
		{D44863FC-588D-460D-A385-DE624CAD613B}.AppStore|iPhone.Build.0 = Release|Any CPU
		{D44863FC-588D-460D-A385-DE624CAD613B}.AppStore|iPhoneSimulator.ActiveCfg = Release|Any CPU
		{D44863FC-588D-460D-A385-DE624CAD613B}.AppStore|iPhoneSimulator.Build.0 = Release|Any CPU
		{D44863FC-588D-460D-A385-DE624CAD613B}.AppStore|x64.ActiveCfg = Release|Any CPU
		{D44863FC-588D-460D-A385-DE624CAD613B}.AppStore|x64.Build.0 = Release|Any CPU
		{D44863FC-588D-460D-A385-DE624CAD613B}.AppStore|x86.ActiveCfg = Release|Any CPU
		{D44863FC-588D-460D-A385-DE624CAD613B}.AppStore|x86.Build.0 = Release|Any CPU
		{D44863FC-588D-460D-A385-DE624CAD613B}.Debug|Any CPU.ActiveCfg = Debug|Any CPU
		{D44863FC-588D-460D-A385-DE624CAD613B}.Debug|Any CPU.Build.0 = Debug|Any CPU
		{D44863FC-588D-460D-A385-DE624CAD613B}.Debug|ARM.ActiveCfg = Debug|Any CPU
		{D44863FC-588D-460D-A385-DE624CAD613B}.Debug|ARM.Build.0 = Debug|Any CPU
		{D44863FC-588D-460D-A385-DE624CAD613B}.Debug|iPhone.ActiveCfg = Debug|Any CPU
		{D44863FC-588D-460D-A385-DE624CAD613B}.Debug|iPhone.Build.0 = Debug|Any CPU
		{D44863FC-588D-460D-A385-DE624CAD613B}.Debug|iPhoneSimulator.ActiveCfg = Debug|Any CPU
		{D44863FC-588D-460D-A385-DE624CAD613B}.Debug|iPhoneSimulator.Build.0 = Debug|Any CPU
		{D44863FC-588D-460D-A385-DE624CAD613B}.Debug|x64.ActiveCfg = Debug|Any CPU
		{D44863FC-588D-460D-A385-DE624CAD613B}.Debug|x64.Build.0 = Debug|Any CPU
		{D44863FC-588D-460D-A385-DE624CAD613B}.Debug|x86.ActiveCfg = Debug|Any CPU
		{D44863FC-588D-460D-A385-DE624CAD613B}.Debug|x86.Build.0 = Debug|Any CPU
		{D44863FC-588D-460D-A385-DE624CAD613B}.Release|Any CPU.ActiveCfg = Release|Any CPU
		{D44863FC-588D-460D-A385-DE624CAD613B}.Release|Any CPU.Build.0 = Release|Any CPU
		{D44863FC-588D-460D-A385-DE624CAD613B}.Release|ARM.ActiveCfg = Release|Any CPU
		{D44863FC-588D-460D-A385-DE624CAD613B}.Release|ARM.Build.0 = Release|Any CPU
		{D44863FC-588D-460D-A385-DE624CAD613B}.Release|iPhone.ActiveCfg = Release|Any CPU
		{D44863FC-588D-460D-A385-DE624CAD613B}.Release|iPhone.Build.0 = Release|Any CPU
		{D44863FC-588D-460D-A385-DE624CAD613B}.Release|iPhoneSimulator.ActiveCfg = Release|Any CPU
		{D44863FC-588D-460D-A385-DE624CAD613B}.Release|iPhoneSimulator.Build.0 = Release|Any CPU
		{D44863FC-588D-460D-A385-DE624CAD613B}.Release|x64.ActiveCfg = Release|Any CPU
		{D44863FC-588D-460D-A385-DE624CAD613B}.Release|x64.Build.0 = Release|Any CPU
		{D44863FC-588D-460D-A385-DE624CAD613B}.Release|x86.ActiveCfg = Release|Any CPU
		{D44863FC-588D-460D-A385-DE624CAD613B}.Release|x86.Build.0 = Release|Any CPU
		{03EF1794-342D-4317-8F2F-FB97F835C868}.Ad-Hoc|Any CPU.ActiveCfg = Release|Any CPU
		{03EF1794-342D-4317-8F2F-FB97F835C868}.Ad-Hoc|Any CPU.Build.0 = Release|Any CPU
		{03EF1794-342D-4317-8F2F-FB97F835C868}.Ad-Hoc|ARM.ActiveCfg = Release|Any CPU
		{03EF1794-342D-4317-8F2F-FB97F835C868}.Ad-Hoc|ARM.Build.0 = Release|Any CPU
		{03EF1794-342D-4317-8F2F-FB97F835C868}.Ad-Hoc|iPhone.ActiveCfg = Release|Any CPU
		{03EF1794-342D-4317-8F2F-FB97F835C868}.Ad-Hoc|iPhone.Build.0 = Release|Any CPU
		{03EF1794-342D-4317-8F2F-FB97F835C868}.Ad-Hoc|iPhoneSimulator.ActiveCfg = Release|Any CPU
		{03EF1794-342D-4317-8F2F-FB97F835C868}.Ad-Hoc|iPhoneSimulator.Build.0 = Release|Any CPU
		{03EF1794-342D-4317-8F2F-FB97F835C868}.Ad-Hoc|x64.ActiveCfg = Release|Any CPU
		{03EF1794-342D-4317-8F2F-FB97F835C868}.Ad-Hoc|x64.Build.0 = Release|Any CPU
		{03EF1794-342D-4317-8F2F-FB97F835C868}.Ad-Hoc|x86.ActiveCfg = Release|Any CPU
		{03EF1794-342D-4317-8F2F-FB97F835C868}.Ad-Hoc|x86.Build.0 = Release|Any CPU
		{03EF1794-342D-4317-8F2F-FB97F835C868}.AppStore|Any CPU.ActiveCfg = Release|Any CPU
		{03EF1794-342D-4317-8F2F-FB97F835C868}.AppStore|Any CPU.Build.0 = Release|Any CPU
		{03EF1794-342D-4317-8F2F-FB97F835C868}.AppStore|ARM.ActiveCfg = Release|Any CPU
		{03EF1794-342D-4317-8F2F-FB97F835C868}.AppStore|ARM.Build.0 = Release|Any CPU
		{03EF1794-342D-4317-8F2F-FB97F835C868}.AppStore|iPhone.ActiveCfg = Release|Any CPU
		{03EF1794-342D-4317-8F2F-FB97F835C868}.AppStore|iPhone.Build.0 = Release|Any CPU
		{03EF1794-342D-4317-8F2F-FB97F835C868}.AppStore|iPhoneSimulator.ActiveCfg = Release|Any CPU
		{03EF1794-342D-4317-8F2F-FB97F835C868}.AppStore|iPhoneSimulator.Build.0 = Release|Any CPU
		{03EF1794-342D-4317-8F2F-FB97F835C868}.AppStore|x64.ActiveCfg = Release|Any CPU
		{03EF1794-342D-4317-8F2F-FB97F835C868}.AppStore|x64.Build.0 = Release|Any CPU
		{03EF1794-342D-4317-8F2F-FB97F835C868}.AppStore|x86.ActiveCfg = Release|Any CPU
		{03EF1794-342D-4317-8F2F-FB97F835C868}.AppStore|x86.Build.0 = Release|Any CPU
		{03EF1794-342D-4317-8F2F-FB97F835C868}.Debug|Any CPU.ActiveCfg = Debug|Any CPU
		{03EF1794-342D-4317-8F2F-FB97F835C868}.Debug|Any CPU.Build.0 = Debug|Any CPU
		{03EF1794-342D-4317-8F2F-FB97F835C868}.Debug|ARM.ActiveCfg = Debug|Any CPU
		{03EF1794-342D-4317-8F2F-FB97F835C868}.Debug|ARM.Build.0 = Debug|Any CPU
		{03EF1794-342D-4317-8F2F-FB97F835C868}.Debug|iPhone.ActiveCfg = Debug|Any CPU
		{03EF1794-342D-4317-8F2F-FB97F835C868}.Debug|iPhone.Build.0 = Debug|Any CPU
		{03EF1794-342D-4317-8F2F-FB97F835C868}.Debug|iPhoneSimulator.ActiveCfg = Debug|Any CPU
		{03EF1794-342D-4317-8F2F-FB97F835C868}.Debug|iPhoneSimulator.Build.0 = Debug|Any CPU
		{03EF1794-342D-4317-8F2F-FB97F835C868}.Debug|x64.ActiveCfg = Debug|Any CPU
		{03EF1794-342D-4317-8F2F-FB97F835C868}.Debug|x64.Build.0 = Debug|Any CPU
		{03EF1794-342D-4317-8F2F-FB97F835C868}.Debug|x86.ActiveCfg = Debug|Any CPU
		{03EF1794-342D-4317-8F2F-FB97F835C868}.Debug|x86.Build.0 = Debug|Any CPU
		{03EF1794-342D-4317-8F2F-FB97F835C868}.Release|Any CPU.ActiveCfg = Release|Any CPU
		{03EF1794-342D-4317-8F2F-FB97F835C868}.Release|Any CPU.Build.0 = Release|Any CPU
		{03EF1794-342D-4317-8F2F-FB97F835C868}.Release|ARM.ActiveCfg = Release|Any CPU
		{03EF1794-342D-4317-8F2F-FB97F835C868}.Release|ARM.Build.0 = Release|Any CPU
		{03EF1794-342D-4317-8F2F-FB97F835C868}.Release|iPhone.ActiveCfg = Release|Any CPU
		{03EF1794-342D-4317-8F2F-FB97F835C868}.Release|iPhone.Build.0 = Release|Any CPU
		{03EF1794-342D-4317-8F2F-FB97F835C868}.Release|iPhoneSimulator.ActiveCfg = Release|Any CPU
		{03EF1794-342D-4317-8F2F-FB97F835C868}.Release|iPhoneSimulator.Build.0 = Release|Any CPU
		{03EF1794-342D-4317-8F2F-FB97F835C868}.Release|x64.ActiveCfg = Release|Any CPU
		{03EF1794-342D-4317-8F2F-FB97F835C868}.Release|x64.Build.0 = Release|Any CPU
		{03EF1794-342D-4317-8F2F-FB97F835C868}.Release|x86.ActiveCfg = Release|Any CPU
		{03EF1794-342D-4317-8F2F-FB97F835C868}.Release|x86.Build.0 = Release|Any CPU
		{5BE0C478-5D64-457F-85C7-B9D97911935D}.Ad-Hoc|Any CPU.ActiveCfg = Release|Any CPU
		{5BE0C478-5D64-457F-85C7-B9D97911935D}.Ad-Hoc|Any CPU.Build.0 = Release|Any CPU
		{5BE0C478-5D64-457F-85C7-B9D97911935D}.Ad-Hoc|ARM.ActiveCfg = Release|Any CPU
		{5BE0C478-5D64-457F-85C7-B9D97911935D}.Ad-Hoc|ARM.Build.0 = Release|Any CPU
		{5BE0C478-5D64-457F-85C7-B9D97911935D}.Ad-Hoc|iPhone.ActiveCfg = Release|Any CPU
		{5BE0C478-5D64-457F-85C7-B9D97911935D}.Ad-Hoc|iPhone.Build.0 = Release|Any CPU
		{5BE0C478-5D64-457F-85C7-B9D97911935D}.Ad-Hoc|iPhoneSimulator.ActiveCfg = Release|Any CPU
		{5BE0C478-5D64-457F-85C7-B9D97911935D}.Ad-Hoc|iPhoneSimulator.Build.0 = Release|Any CPU
		{5BE0C478-5D64-457F-85C7-B9D97911935D}.Ad-Hoc|x64.ActiveCfg = Release|Any CPU
		{5BE0C478-5D64-457F-85C7-B9D97911935D}.Ad-Hoc|x64.Build.0 = Release|Any CPU
		{5BE0C478-5D64-457F-85C7-B9D97911935D}.Ad-Hoc|x86.ActiveCfg = Release|Any CPU
		{5BE0C478-5D64-457F-85C7-B9D97911935D}.Ad-Hoc|x86.Build.0 = Release|Any CPU
		{5BE0C478-5D64-457F-85C7-B9D97911935D}.AppStore|Any CPU.ActiveCfg = Release|Any CPU
		{5BE0C478-5D64-457F-85C7-B9D97911935D}.AppStore|Any CPU.Build.0 = Release|Any CPU
		{5BE0C478-5D64-457F-85C7-B9D97911935D}.AppStore|ARM.ActiveCfg = Release|Any CPU
		{5BE0C478-5D64-457F-85C7-B9D97911935D}.AppStore|ARM.Build.0 = Release|Any CPU
		{5BE0C478-5D64-457F-85C7-B9D97911935D}.AppStore|iPhone.ActiveCfg = Release|Any CPU
		{5BE0C478-5D64-457F-85C7-B9D97911935D}.AppStore|iPhone.Build.0 = Release|Any CPU
		{5BE0C478-5D64-457F-85C7-B9D97911935D}.AppStore|iPhoneSimulator.ActiveCfg = Release|Any CPU
		{5BE0C478-5D64-457F-85C7-B9D97911935D}.AppStore|iPhoneSimulator.Build.0 = Release|Any CPU
		{5BE0C478-5D64-457F-85C7-B9D97911935D}.AppStore|x64.ActiveCfg = Release|Any CPU
		{5BE0C478-5D64-457F-85C7-B9D97911935D}.AppStore|x64.Build.0 = Release|Any CPU
		{5BE0C478-5D64-457F-85C7-B9D97911935D}.AppStore|x86.ActiveCfg = Release|Any CPU
		{5BE0C478-5D64-457F-85C7-B9D97911935D}.AppStore|x86.Build.0 = Release|Any CPU
		{5BE0C478-5D64-457F-85C7-B9D97911935D}.Debug|Any CPU.ActiveCfg = Debug|Any CPU
		{5BE0C478-5D64-457F-85C7-B9D97911935D}.Debug|Any CPU.Build.0 = Debug|Any CPU
		{5BE0C478-5D64-457F-85C7-B9D97911935D}.Debug|ARM.ActiveCfg = Debug|Any CPU
		{5BE0C478-5D64-457F-85C7-B9D97911935D}.Debug|ARM.Build.0 = Debug|Any CPU
		{5BE0C478-5D64-457F-85C7-B9D97911935D}.Debug|iPhone.ActiveCfg = Debug|Any CPU
		{5BE0C478-5D64-457F-85C7-B9D97911935D}.Debug|iPhone.Build.0 = Debug|Any CPU
		{5BE0C478-5D64-457F-85C7-B9D97911935D}.Debug|iPhoneSimulator.ActiveCfg = Debug|Any CPU
		{5BE0C478-5D64-457F-85C7-B9D97911935D}.Debug|iPhoneSimulator.Build.0 = Debug|Any CPU
		{5BE0C478-5D64-457F-85C7-B9D97911935D}.Debug|x64.ActiveCfg = Debug|Any CPU
		{5BE0C478-5D64-457F-85C7-B9D97911935D}.Debug|x64.Build.0 = Debug|Any CPU
		{5BE0C478-5D64-457F-85C7-B9D97911935D}.Debug|x86.ActiveCfg = Debug|Any CPU
		{5BE0C478-5D64-457F-85C7-B9D97911935D}.Debug|x86.Build.0 = Debug|Any CPU
		{5BE0C478-5D64-457F-85C7-B9D97911935D}.Release|Any CPU.ActiveCfg = Release|Any CPU
		{5BE0C478-5D64-457F-85C7-B9D97911935D}.Release|Any CPU.Build.0 = Release|Any CPU
		{5BE0C478-5D64-457F-85C7-B9D97911935D}.Release|ARM.ActiveCfg = Release|Any CPU
		{5BE0C478-5D64-457F-85C7-B9D97911935D}.Release|ARM.Build.0 = Release|Any CPU
		{5BE0C478-5D64-457F-85C7-B9D97911935D}.Release|iPhone.ActiveCfg = Release|Any CPU
		{5BE0C478-5D64-457F-85C7-B9D97911935D}.Release|iPhone.Build.0 = Release|Any CPU
		{5BE0C478-5D64-457F-85C7-B9D97911935D}.Release|iPhoneSimulator.ActiveCfg = Release|Any CPU
		{5BE0C478-5D64-457F-85C7-B9D97911935D}.Release|iPhoneSimulator.Build.0 = Release|Any CPU
		{5BE0C478-5D64-457F-85C7-B9D97911935D}.Release|x64.ActiveCfg = Release|Any CPU
		{5BE0C478-5D64-457F-85C7-B9D97911935D}.Release|x64.Build.0 = Release|Any CPU
		{5BE0C478-5D64-457F-85C7-B9D97911935D}.Release|x86.ActiveCfg = Release|Any CPU
		{5BE0C478-5D64-457F-85C7-B9D97911935D}.Release|x86.Build.0 = Release|Any CPU
		{7A9ECC98-623B-4C1D-BF27-83CFADB75D38}.Ad-Hoc|Any CPU.ActiveCfg = Release|Any CPU
		{7A9ECC98-623B-4C1D-BF27-83CFADB75D38}.Ad-Hoc|Any CPU.Build.0 = Release|Any CPU
		{7A9ECC98-623B-4C1D-BF27-83CFADB75D38}.Ad-Hoc|ARM.ActiveCfg = Release|Any CPU
		{7A9ECC98-623B-4C1D-BF27-83CFADB75D38}.Ad-Hoc|ARM.Build.0 = Release|Any CPU
		{7A9ECC98-623B-4C1D-BF27-83CFADB75D38}.Ad-Hoc|iPhone.ActiveCfg = Release|Any CPU
		{7A9ECC98-623B-4C1D-BF27-83CFADB75D38}.Ad-Hoc|iPhone.Build.0 = Release|Any CPU
		{7A9ECC98-623B-4C1D-BF27-83CFADB75D38}.Ad-Hoc|iPhoneSimulator.ActiveCfg = Release|Any CPU
		{7A9ECC98-623B-4C1D-BF27-83CFADB75D38}.Ad-Hoc|iPhoneSimulator.Build.0 = Release|Any CPU
		{7A9ECC98-623B-4C1D-BF27-83CFADB75D38}.Ad-Hoc|x64.ActiveCfg = Release|Any CPU
		{7A9ECC98-623B-4C1D-BF27-83CFADB75D38}.Ad-Hoc|x64.Build.0 = Release|Any CPU
		{7A9ECC98-623B-4C1D-BF27-83CFADB75D38}.Ad-Hoc|x86.ActiveCfg = Release|Any CPU
		{7A9ECC98-623B-4C1D-BF27-83CFADB75D38}.Ad-Hoc|x86.Build.0 = Release|Any CPU
		{7A9ECC98-623B-4C1D-BF27-83CFADB75D38}.AppStore|Any CPU.ActiveCfg = Release|Any CPU
		{7A9ECC98-623B-4C1D-BF27-83CFADB75D38}.AppStore|Any CPU.Build.0 = Release|Any CPU
		{7A9ECC98-623B-4C1D-BF27-83CFADB75D38}.AppStore|ARM.ActiveCfg = Release|Any CPU
		{7A9ECC98-623B-4C1D-BF27-83CFADB75D38}.AppStore|ARM.Build.0 = Release|Any CPU
		{7A9ECC98-623B-4C1D-BF27-83CFADB75D38}.AppStore|iPhone.ActiveCfg = Release|Any CPU
		{7A9ECC98-623B-4C1D-BF27-83CFADB75D38}.AppStore|iPhone.Build.0 = Release|Any CPU
		{7A9ECC98-623B-4C1D-BF27-83CFADB75D38}.AppStore|iPhoneSimulator.ActiveCfg = Release|Any CPU
		{7A9ECC98-623B-4C1D-BF27-83CFADB75D38}.AppStore|iPhoneSimulator.Build.0 = Release|Any CPU
		{7A9ECC98-623B-4C1D-BF27-83CFADB75D38}.AppStore|x64.ActiveCfg = Release|Any CPU
		{7A9ECC98-623B-4C1D-BF27-83CFADB75D38}.AppStore|x64.Build.0 = Release|Any CPU
		{7A9ECC98-623B-4C1D-BF27-83CFADB75D38}.AppStore|x86.ActiveCfg = Release|Any CPU
		{7A9ECC98-623B-4C1D-BF27-83CFADB75D38}.AppStore|x86.Build.0 = Release|Any CPU
		{7A9ECC98-623B-4C1D-BF27-83CFADB75D38}.Debug|Any CPU.ActiveCfg = Debug|Any CPU
		{7A9ECC98-623B-4C1D-BF27-83CFADB75D38}.Debug|Any CPU.Build.0 = Debug|Any CPU
		{7A9ECC98-623B-4C1D-BF27-83CFADB75D38}.Debug|ARM.ActiveCfg = Debug|Any CPU
		{7A9ECC98-623B-4C1D-BF27-83CFADB75D38}.Debug|ARM.Build.0 = Debug|Any CPU
		{7A9ECC98-623B-4C1D-BF27-83CFADB75D38}.Debug|iPhone.ActiveCfg = Debug|Any CPU
		{7A9ECC98-623B-4C1D-BF27-83CFADB75D38}.Debug|iPhone.Build.0 = Debug|Any CPU
		{7A9ECC98-623B-4C1D-BF27-83CFADB75D38}.Debug|iPhoneSimulator.ActiveCfg = Debug|Any CPU
		{7A9ECC98-623B-4C1D-BF27-83CFADB75D38}.Debug|iPhoneSimulator.Build.0 = Debug|Any CPU
		{7A9ECC98-623B-4C1D-BF27-83CFADB75D38}.Debug|x64.ActiveCfg = Debug|Any CPU
		{7A9ECC98-623B-4C1D-BF27-83CFADB75D38}.Debug|x64.Build.0 = Debug|Any CPU
		{7A9ECC98-623B-4C1D-BF27-83CFADB75D38}.Debug|x86.ActiveCfg = Debug|Any CPU
		{7A9ECC98-623B-4C1D-BF27-83CFADB75D38}.Debug|x86.Build.0 = Debug|Any CPU
		{7A9ECC98-623B-4C1D-BF27-83CFADB75D38}.Release|Any CPU.ActiveCfg = Release|Any CPU
		{7A9ECC98-623B-4C1D-BF27-83CFADB75D38}.Release|Any CPU.Build.0 = Release|Any CPU
		{7A9ECC98-623B-4C1D-BF27-83CFADB75D38}.Release|ARM.ActiveCfg = Release|Any CPU
		{7A9ECC98-623B-4C1D-BF27-83CFADB75D38}.Release|ARM.Build.0 = Release|Any CPU
		{7A9ECC98-623B-4C1D-BF27-83CFADB75D38}.Release|iPhone.ActiveCfg = Release|Any CPU
		{7A9ECC98-623B-4C1D-BF27-83CFADB75D38}.Release|iPhone.Build.0 = Release|Any CPU
		{7A9ECC98-623B-4C1D-BF27-83CFADB75D38}.Release|iPhoneSimulator.ActiveCfg = Release|Any CPU
		{7A9ECC98-623B-4C1D-BF27-83CFADB75D38}.Release|iPhoneSimulator.Build.0 = Release|Any CPU
		{7A9ECC98-623B-4C1D-BF27-83CFADB75D38}.Release|x64.ActiveCfg = Release|Any CPU
		{7A9ECC98-623B-4C1D-BF27-83CFADB75D38}.Release|x64.Build.0 = Release|Any CPU
		{7A9ECC98-623B-4C1D-BF27-83CFADB75D38}.Release|x86.ActiveCfg = Release|Any CPU
		{7A9ECC98-623B-4C1D-BF27-83CFADB75D38}.Release|x86.Build.0 = Release|Any CPU
		{74786869-0DB3-43FD-9267-189612D18E2D}.Ad-Hoc|Any CPU.ActiveCfg = Release|Any CPU
		{74786869-0DB3-43FD-9267-189612D18E2D}.Ad-Hoc|Any CPU.Build.0 = Release|Any CPU
		{74786869-0DB3-43FD-9267-189612D18E2D}.Ad-Hoc|ARM.ActiveCfg = Release|Any CPU
		{74786869-0DB3-43FD-9267-189612D18E2D}.Ad-Hoc|ARM.Build.0 = Release|Any CPU
		{74786869-0DB3-43FD-9267-189612D18E2D}.Ad-Hoc|iPhone.ActiveCfg = Release|Any CPU
		{74786869-0DB3-43FD-9267-189612D18E2D}.Ad-Hoc|iPhone.Build.0 = Release|Any CPU
		{74786869-0DB3-43FD-9267-189612D18E2D}.Ad-Hoc|iPhoneSimulator.ActiveCfg = Release|Any CPU
		{74786869-0DB3-43FD-9267-189612D18E2D}.Ad-Hoc|iPhoneSimulator.Build.0 = Release|Any CPU
		{74786869-0DB3-43FD-9267-189612D18E2D}.Ad-Hoc|x64.ActiveCfg = Release|Any CPU
		{74786869-0DB3-43FD-9267-189612D18E2D}.Ad-Hoc|x64.Build.0 = Release|Any CPU
		{74786869-0DB3-43FD-9267-189612D18E2D}.Ad-Hoc|x86.ActiveCfg = Release|Any CPU
		{74786869-0DB3-43FD-9267-189612D18E2D}.Ad-Hoc|x86.Build.0 = Release|Any CPU
		{74786869-0DB3-43FD-9267-189612D18E2D}.AppStore|Any CPU.ActiveCfg = Release|Any CPU
		{74786869-0DB3-43FD-9267-189612D18E2D}.AppStore|Any CPU.Build.0 = Release|Any CPU
		{74786869-0DB3-43FD-9267-189612D18E2D}.AppStore|ARM.ActiveCfg = Release|Any CPU
		{74786869-0DB3-43FD-9267-189612D18E2D}.AppStore|ARM.Build.0 = Release|Any CPU
		{74786869-0DB3-43FD-9267-189612D18E2D}.AppStore|iPhone.ActiveCfg = Release|Any CPU
		{74786869-0DB3-43FD-9267-189612D18E2D}.AppStore|iPhone.Build.0 = Release|Any CPU
		{74786869-0DB3-43FD-9267-189612D18E2D}.AppStore|iPhoneSimulator.ActiveCfg = Release|Any CPU
		{74786869-0DB3-43FD-9267-189612D18E2D}.AppStore|iPhoneSimulator.Build.0 = Release|Any CPU
		{74786869-0DB3-43FD-9267-189612D18E2D}.AppStore|x64.ActiveCfg = Release|Any CPU
		{74786869-0DB3-43FD-9267-189612D18E2D}.AppStore|x64.Build.0 = Release|Any CPU
		{74786869-0DB3-43FD-9267-189612D18E2D}.AppStore|x86.ActiveCfg = Release|Any CPU
		{74786869-0DB3-43FD-9267-189612D18E2D}.AppStore|x86.Build.0 = Release|Any CPU
		{74786869-0DB3-43FD-9267-189612D18E2D}.Debug|Any CPU.ActiveCfg = Debug|Any CPU
		{74786869-0DB3-43FD-9267-189612D18E2D}.Debug|Any CPU.Build.0 = Debug|Any CPU
		{74786869-0DB3-43FD-9267-189612D18E2D}.Debug|ARM.ActiveCfg = Debug|Any CPU
		{74786869-0DB3-43FD-9267-189612D18E2D}.Debug|ARM.Build.0 = Debug|Any CPU
		{74786869-0DB3-43FD-9267-189612D18E2D}.Debug|iPhone.ActiveCfg = Debug|Any CPU
		{74786869-0DB3-43FD-9267-189612D18E2D}.Debug|iPhone.Build.0 = Debug|Any CPU
		{74786869-0DB3-43FD-9267-189612D18E2D}.Debug|iPhoneSimulator.ActiveCfg = Debug|Any CPU
		{74786869-0DB3-43FD-9267-189612D18E2D}.Debug|iPhoneSimulator.Build.0 = Debug|Any CPU
		{74786869-0DB3-43FD-9267-189612D18E2D}.Debug|x64.ActiveCfg = Debug|Any CPU
		{74786869-0DB3-43FD-9267-189612D18E2D}.Debug|x64.Build.0 = Debug|Any CPU
		{74786869-0DB3-43FD-9267-189612D18E2D}.Debug|x86.ActiveCfg = Debug|Any CPU
		{74786869-0DB3-43FD-9267-189612D18E2D}.Debug|x86.Build.0 = Debug|Any CPU
		{74786869-0DB3-43FD-9267-189612D18E2D}.Release|Any CPU.ActiveCfg = Release|Any CPU
		{74786869-0DB3-43FD-9267-189612D18E2D}.Release|Any CPU.Build.0 = Release|Any CPU
		{74786869-0DB3-43FD-9267-189612D18E2D}.Release|ARM.ActiveCfg = Release|Any CPU
		{74786869-0DB3-43FD-9267-189612D18E2D}.Release|ARM.Build.0 = Release|Any CPU
		{74786869-0DB3-43FD-9267-189612D18E2D}.Release|iPhone.ActiveCfg = Release|Any CPU
		{74786869-0DB3-43FD-9267-189612D18E2D}.Release|iPhone.Build.0 = Release|Any CPU
		{74786869-0DB3-43FD-9267-189612D18E2D}.Release|iPhoneSimulator.ActiveCfg = Release|Any CPU
		{74786869-0DB3-43FD-9267-189612D18E2D}.Release|iPhoneSimulator.Build.0 = Release|Any CPU
		{74786869-0DB3-43FD-9267-189612D18E2D}.Release|x64.ActiveCfg = Release|Any CPU
		{74786869-0DB3-43FD-9267-189612D18E2D}.Release|x64.Build.0 = Release|Any CPU
		{74786869-0DB3-43FD-9267-189612D18E2D}.Release|x86.ActiveCfg = Release|Any CPU
		{74786869-0DB3-43FD-9267-189612D18E2D}.Release|x86.Build.0 = Release|Any CPU
		{673AB4C3-7C2D-4119-AA6B-FA914E871F52}.Ad-Hoc|Any CPU.ActiveCfg = Release|Any CPU
		{673AB4C3-7C2D-4119-AA6B-FA914E871F52}.Ad-Hoc|Any CPU.Build.0 = Release|Any CPU
		{673AB4C3-7C2D-4119-AA6B-FA914E871F52}.Ad-Hoc|ARM.ActiveCfg = Release|Any CPU
		{673AB4C3-7C2D-4119-AA6B-FA914E871F52}.Ad-Hoc|ARM.Build.0 = Release|Any CPU
		{673AB4C3-7C2D-4119-AA6B-FA914E871F52}.Ad-Hoc|iPhone.ActiveCfg = Release|Any CPU
		{673AB4C3-7C2D-4119-AA6B-FA914E871F52}.Ad-Hoc|iPhone.Build.0 = Release|Any CPU
		{673AB4C3-7C2D-4119-AA6B-FA914E871F52}.Ad-Hoc|iPhoneSimulator.ActiveCfg = Release|Any CPU
		{673AB4C3-7C2D-4119-AA6B-FA914E871F52}.Ad-Hoc|iPhoneSimulator.Build.0 = Release|Any CPU
		{673AB4C3-7C2D-4119-AA6B-FA914E871F52}.Ad-Hoc|x64.ActiveCfg = Release|Any CPU
		{673AB4C3-7C2D-4119-AA6B-FA914E871F52}.Ad-Hoc|x64.Build.0 = Release|Any CPU
		{673AB4C3-7C2D-4119-AA6B-FA914E871F52}.Ad-Hoc|x86.ActiveCfg = Release|Any CPU
		{673AB4C3-7C2D-4119-AA6B-FA914E871F52}.Ad-Hoc|x86.Build.0 = Release|Any CPU
		{673AB4C3-7C2D-4119-AA6B-FA914E871F52}.AppStore|Any CPU.ActiveCfg = Release|Any CPU
		{673AB4C3-7C2D-4119-AA6B-FA914E871F52}.AppStore|Any CPU.Build.0 = Release|Any CPU
		{673AB4C3-7C2D-4119-AA6B-FA914E871F52}.AppStore|ARM.ActiveCfg = Release|Any CPU
		{673AB4C3-7C2D-4119-AA6B-FA914E871F52}.AppStore|ARM.Build.0 = Release|Any CPU
		{673AB4C3-7C2D-4119-AA6B-FA914E871F52}.AppStore|iPhone.ActiveCfg = Release|Any CPU
		{673AB4C3-7C2D-4119-AA6B-FA914E871F52}.AppStore|iPhone.Build.0 = Release|Any CPU
		{673AB4C3-7C2D-4119-AA6B-FA914E871F52}.AppStore|iPhoneSimulator.ActiveCfg = Release|Any CPU
		{673AB4C3-7C2D-4119-AA6B-FA914E871F52}.AppStore|iPhoneSimulator.Build.0 = Release|Any CPU
		{673AB4C3-7C2D-4119-AA6B-FA914E871F52}.AppStore|x64.ActiveCfg = Release|Any CPU
		{673AB4C3-7C2D-4119-AA6B-FA914E871F52}.AppStore|x64.Build.0 = Release|Any CPU
		{673AB4C3-7C2D-4119-AA6B-FA914E871F52}.AppStore|x86.ActiveCfg = Release|Any CPU
		{673AB4C3-7C2D-4119-AA6B-FA914E871F52}.AppStore|x86.Build.0 = Release|Any CPU
		{673AB4C3-7C2D-4119-AA6B-FA914E871F52}.Debug|Any CPU.ActiveCfg = Debug|Any CPU
		{673AB4C3-7C2D-4119-AA6B-FA914E871F52}.Debug|Any CPU.Build.0 = Debug|Any CPU
		{673AB4C3-7C2D-4119-AA6B-FA914E871F52}.Debug|ARM.ActiveCfg = Debug|Any CPU
		{673AB4C3-7C2D-4119-AA6B-FA914E871F52}.Debug|ARM.Build.0 = Debug|Any CPU
		{673AB4C3-7C2D-4119-AA6B-FA914E871F52}.Debug|iPhone.ActiveCfg = Debug|Any CPU
		{673AB4C3-7C2D-4119-AA6B-FA914E871F52}.Debug|iPhone.Build.0 = Debug|Any CPU
		{673AB4C3-7C2D-4119-AA6B-FA914E871F52}.Debug|iPhoneSimulator.ActiveCfg = Debug|Any CPU
		{673AB4C3-7C2D-4119-AA6B-FA914E871F52}.Debug|iPhoneSimulator.Build.0 = Debug|Any CPU
		{673AB4C3-7C2D-4119-AA6B-FA914E871F52}.Debug|x64.ActiveCfg = Debug|Any CPU
		{673AB4C3-7C2D-4119-AA6B-FA914E871F52}.Debug|x64.Build.0 = Debug|Any CPU
		{673AB4C3-7C2D-4119-AA6B-FA914E871F52}.Debug|x86.ActiveCfg = Debug|Any CPU
		{673AB4C3-7C2D-4119-AA6B-FA914E871F52}.Debug|x86.Build.0 = Debug|Any CPU
		{673AB4C3-7C2D-4119-AA6B-FA914E871F52}.Release|Any CPU.ActiveCfg = Release|Any CPU
		{673AB4C3-7C2D-4119-AA6B-FA914E871F52}.Release|Any CPU.Build.0 = Release|Any CPU
		{673AB4C3-7C2D-4119-AA6B-FA914E871F52}.Release|ARM.ActiveCfg = Release|Any CPU
		{673AB4C3-7C2D-4119-AA6B-FA914E871F52}.Release|ARM.Build.0 = Release|Any CPU
		{673AB4C3-7C2D-4119-AA6B-FA914E871F52}.Release|iPhone.ActiveCfg = Release|Any CPU
		{673AB4C3-7C2D-4119-AA6B-FA914E871F52}.Release|iPhone.Build.0 = Release|Any CPU
		{673AB4C3-7C2D-4119-AA6B-FA914E871F52}.Release|iPhoneSimulator.ActiveCfg = Release|Any CPU
		{673AB4C3-7C2D-4119-AA6B-FA914E871F52}.Release|iPhoneSimulator.Build.0 = Release|Any CPU
		{673AB4C3-7C2D-4119-AA6B-FA914E871F52}.Release|x64.ActiveCfg = Release|Any CPU
		{673AB4C3-7C2D-4119-AA6B-FA914E871F52}.Release|x64.Build.0 = Release|Any CPU
		{673AB4C3-7C2D-4119-AA6B-FA914E871F52}.Release|x86.ActiveCfg = Release|Any CPU
		{673AB4C3-7C2D-4119-AA6B-FA914E871F52}.Release|x86.Build.0 = Release|Any CPU
		{96447738-E8A8-40C4-A90B-0E22326022B3}.Ad-Hoc|Any CPU.ActiveCfg = Release|Any CPU
		{96447738-E8A8-40C4-A90B-0E22326022B3}.Ad-Hoc|Any CPU.Build.0 = Release|Any CPU
		{96447738-E8A8-40C4-A90B-0E22326022B3}.Ad-Hoc|Any CPU.Deploy.0 = Release|Any CPU
		{96447738-E8A8-40C4-A90B-0E22326022B3}.Ad-Hoc|ARM.ActiveCfg = Release|Any CPU
		{96447738-E8A8-40C4-A90B-0E22326022B3}.Ad-Hoc|ARM.Build.0 = Release|Any CPU
		{96447738-E8A8-40C4-A90B-0E22326022B3}.Ad-Hoc|ARM.Deploy.0 = Release|Any CPU
		{96447738-E8A8-40C4-A90B-0E22326022B3}.Ad-Hoc|iPhone.ActiveCfg = Release|Any CPU
		{96447738-E8A8-40C4-A90B-0E22326022B3}.Ad-Hoc|iPhone.Build.0 = Release|Any CPU
		{96447738-E8A8-40C4-A90B-0E22326022B3}.Ad-Hoc|iPhone.Deploy.0 = Release|Any CPU
		{96447738-E8A8-40C4-A90B-0E22326022B3}.Ad-Hoc|iPhoneSimulator.ActiveCfg = Release|Any CPU
		{96447738-E8A8-40C4-A90B-0E22326022B3}.Ad-Hoc|iPhoneSimulator.Build.0 = Release|Any CPU
		{96447738-E8A8-40C4-A90B-0E22326022B3}.Ad-Hoc|iPhoneSimulator.Deploy.0 = Release|Any CPU
		{96447738-E8A8-40C4-A90B-0E22326022B3}.Ad-Hoc|x64.ActiveCfg = Release|Any CPU
		{96447738-E8A8-40C4-A90B-0E22326022B3}.Ad-Hoc|x64.Build.0 = Release|Any CPU
		{96447738-E8A8-40C4-A90B-0E22326022B3}.Ad-Hoc|x64.Deploy.0 = Release|Any CPU
		{96447738-E8A8-40C4-A90B-0E22326022B3}.Ad-Hoc|x86.ActiveCfg = Release|Any CPU
		{96447738-E8A8-40C4-A90B-0E22326022B3}.Ad-Hoc|x86.Build.0 = Release|Any CPU
		{96447738-E8A8-40C4-A90B-0E22326022B3}.Ad-Hoc|x86.Deploy.0 = Release|Any CPU
		{96447738-E8A8-40C4-A90B-0E22326022B3}.AppStore|Any CPU.ActiveCfg = Release|Any CPU
		{96447738-E8A8-40C4-A90B-0E22326022B3}.AppStore|Any CPU.Build.0 = Release|Any CPU
		{96447738-E8A8-40C4-A90B-0E22326022B3}.AppStore|Any CPU.Deploy.0 = Release|Any CPU
		{96447738-E8A8-40C4-A90B-0E22326022B3}.AppStore|ARM.ActiveCfg = Release|Any CPU
		{96447738-E8A8-40C4-A90B-0E22326022B3}.AppStore|ARM.Build.0 = Release|Any CPU
		{96447738-E8A8-40C4-A90B-0E22326022B3}.AppStore|ARM.Deploy.0 = Release|Any CPU
		{96447738-E8A8-40C4-A90B-0E22326022B3}.AppStore|iPhone.ActiveCfg = Release|Any CPU
		{96447738-E8A8-40C4-A90B-0E22326022B3}.AppStore|iPhone.Build.0 = Release|Any CPU
		{96447738-E8A8-40C4-A90B-0E22326022B3}.AppStore|iPhone.Deploy.0 = Release|Any CPU
		{96447738-E8A8-40C4-A90B-0E22326022B3}.AppStore|iPhoneSimulator.ActiveCfg = Release|Any CPU
		{96447738-E8A8-40C4-A90B-0E22326022B3}.AppStore|iPhoneSimulator.Build.0 = Release|Any CPU
		{96447738-E8A8-40C4-A90B-0E22326022B3}.AppStore|iPhoneSimulator.Deploy.0 = Release|Any CPU
		{96447738-E8A8-40C4-A90B-0E22326022B3}.AppStore|x64.ActiveCfg = Release|Any CPU
		{96447738-E8A8-40C4-A90B-0E22326022B3}.AppStore|x64.Build.0 = Release|Any CPU
		{96447738-E8A8-40C4-A90B-0E22326022B3}.AppStore|x64.Deploy.0 = Release|Any CPU
		{96447738-E8A8-40C4-A90B-0E22326022B3}.AppStore|x86.ActiveCfg = Release|Any CPU
		{96447738-E8A8-40C4-A90B-0E22326022B3}.AppStore|x86.Build.0 = Release|Any CPU
		{96447738-E8A8-40C4-A90B-0E22326022B3}.AppStore|x86.Deploy.0 = Release|Any CPU
		{96447738-E8A8-40C4-A90B-0E22326022B3}.Debug|Any CPU.ActiveCfg = Debug|Any CPU
		{96447738-E8A8-40C4-A90B-0E22326022B3}.Debug|Any CPU.Build.0 = Debug|Any CPU
		{96447738-E8A8-40C4-A90B-0E22326022B3}.Debug|Any CPU.Deploy.0 = Debug|Any CPU
		{96447738-E8A8-40C4-A90B-0E22326022B3}.Debug|ARM.ActiveCfg = Debug|Any CPU
		{96447738-E8A8-40C4-A90B-0E22326022B3}.Debug|ARM.Build.0 = Debug|Any CPU
		{96447738-E8A8-40C4-A90B-0E22326022B3}.Debug|ARM.Deploy.0 = Debug|Any CPU
		{96447738-E8A8-40C4-A90B-0E22326022B3}.Debug|iPhone.ActiveCfg = Debug|Any CPU
		{96447738-E8A8-40C4-A90B-0E22326022B3}.Debug|iPhone.Build.0 = Debug|Any CPU
		{96447738-E8A8-40C4-A90B-0E22326022B3}.Debug|iPhone.Deploy.0 = Debug|Any CPU
		{96447738-E8A8-40C4-A90B-0E22326022B3}.Debug|iPhoneSimulator.ActiveCfg = Debug|Any CPU
		{96447738-E8A8-40C4-A90B-0E22326022B3}.Debug|iPhoneSimulator.Build.0 = Debug|Any CPU
		{96447738-E8A8-40C4-A90B-0E22326022B3}.Debug|iPhoneSimulator.Deploy.0 = Debug|Any CPU
		{96447738-E8A8-40C4-A90B-0E22326022B3}.Debug|x64.ActiveCfg = Debug|Any CPU
		{96447738-E8A8-40C4-A90B-0E22326022B3}.Debug|x64.Build.0 = Debug|Any CPU
		{96447738-E8A8-40C4-A90B-0E22326022B3}.Debug|x64.Deploy.0 = Debug|Any CPU
		{96447738-E8A8-40C4-A90B-0E22326022B3}.Debug|x86.ActiveCfg = Debug|Any CPU
		{96447738-E8A8-40C4-A90B-0E22326022B3}.Debug|x86.Build.0 = Debug|Any CPU
		{96447738-E8A8-40C4-A90B-0E22326022B3}.Debug|x86.Deploy.0 = Debug|Any CPU
		{96447738-E8A8-40C4-A90B-0E22326022B3}.Release|Any CPU.ActiveCfg = Release|Any CPU
		{96447738-E8A8-40C4-A90B-0E22326022B3}.Release|Any CPU.Build.0 = Release|Any CPU
		{96447738-E8A8-40C4-A90B-0E22326022B3}.Release|Any CPU.Deploy.0 = Release|Any CPU
		{96447738-E8A8-40C4-A90B-0E22326022B3}.Release|ARM.ActiveCfg = Release|Any CPU
		{96447738-E8A8-40C4-A90B-0E22326022B3}.Release|ARM.Build.0 = Release|Any CPU
		{96447738-E8A8-40C4-A90B-0E22326022B3}.Release|ARM.Deploy.0 = Release|Any CPU
		{96447738-E8A8-40C4-A90B-0E22326022B3}.Release|iPhone.ActiveCfg = Release|Any CPU
		{96447738-E8A8-40C4-A90B-0E22326022B3}.Release|iPhone.Build.0 = Release|Any CPU
		{96447738-E8A8-40C4-A90B-0E22326022B3}.Release|iPhone.Deploy.0 = Release|Any CPU
		{96447738-E8A8-40C4-A90B-0E22326022B3}.Release|iPhoneSimulator.ActiveCfg = Release|Any CPU
		{96447738-E8A8-40C4-A90B-0E22326022B3}.Release|iPhoneSimulator.Build.0 = Release|Any CPU
		{96447738-E8A8-40C4-A90B-0E22326022B3}.Release|iPhoneSimulator.Deploy.0 = Release|Any CPU
		{96447738-E8A8-40C4-A90B-0E22326022B3}.Release|x64.ActiveCfg = Release|Any CPU
		{96447738-E8A8-40C4-A90B-0E22326022B3}.Release|x64.Build.0 = Release|Any CPU
		{96447738-E8A8-40C4-A90B-0E22326022B3}.Release|x64.Deploy.0 = Release|Any CPU
		{96447738-E8A8-40C4-A90B-0E22326022B3}.Release|x86.ActiveCfg = Release|Any CPU
		{96447738-E8A8-40C4-A90B-0E22326022B3}.Release|x86.Build.0 = Release|Any CPU
		{96447738-E8A8-40C4-A90B-0E22326022B3}.Release|x86.Deploy.0 = Release|Any CPU
		{D8C9E4E1-3021-44C4-91CE-5023A21DD869}.Ad-Hoc|Any CPU.ActiveCfg = Ad-Hoc|iPhone
		{D8C9E4E1-3021-44C4-91CE-5023A21DD869}.Ad-Hoc|ARM.ActiveCfg = Ad-Hoc|iPhone
		{D8C9E4E1-3021-44C4-91CE-5023A21DD869}.Ad-Hoc|iPhone.ActiveCfg = Ad-Hoc|iPhone
		{D8C9E4E1-3021-44C4-91CE-5023A21DD869}.Ad-Hoc|iPhone.Build.0 = Ad-Hoc|iPhone
		{D8C9E4E1-3021-44C4-91CE-5023A21DD869}.Ad-Hoc|iPhoneSimulator.ActiveCfg = Ad-Hoc|iPhoneSimulator
		{D8C9E4E1-3021-44C4-91CE-5023A21DD869}.Ad-Hoc|iPhoneSimulator.Build.0 = Ad-Hoc|iPhoneSimulator
		{D8C9E4E1-3021-44C4-91CE-5023A21DD869}.Ad-Hoc|x64.ActiveCfg = Ad-Hoc|iPhone
		{D8C9E4E1-3021-44C4-91CE-5023A21DD869}.Ad-Hoc|x86.ActiveCfg = Ad-Hoc|iPhone
		{D8C9E4E1-3021-44C4-91CE-5023A21DD869}.AppStore|Any CPU.ActiveCfg = AppStore|iPhone
		{D8C9E4E1-3021-44C4-91CE-5023A21DD869}.AppStore|ARM.ActiveCfg = AppStore|iPhone
		{D8C9E4E1-3021-44C4-91CE-5023A21DD869}.AppStore|iPhone.ActiveCfg = AppStore|iPhone
		{D8C9E4E1-3021-44C4-91CE-5023A21DD869}.AppStore|iPhone.Build.0 = AppStore|iPhone
		{D8C9E4E1-3021-44C4-91CE-5023A21DD869}.AppStore|iPhoneSimulator.ActiveCfg = AppStore|iPhoneSimulator
		{D8C9E4E1-3021-44C4-91CE-5023A21DD869}.AppStore|iPhoneSimulator.Build.0 = AppStore|iPhoneSimulator
		{D8C9E4E1-3021-44C4-91CE-5023A21DD869}.AppStore|x64.ActiveCfg = AppStore|iPhone
		{D8C9E4E1-3021-44C4-91CE-5023A21DD869}.AppStore|x86.ActiveCfg = AppStore|iPhone
		{D8C9E4E1-3021-44C4-91CE-5023A21DD869}.Debug|Any CPU.ActiveCfg = Debug|iPhone
		{D8C9E4E1-3021-44C4-91CE-5023A21DD869}.Debug|ARM.ActiveCfg = Debug|iPhone
		{D8C9E4E1-3021-44C4-91CE-5023A21DD869}.Debug|iPhone.ActiveCfg = Debug|iPhone
		{D8C9E4E1-3021-44C4-91CE-5023A21DD869}.Debug|iPhone.Build.0 = Debug|iPhone
		{D8C9E4E1-3021-44C4-91CE-5023A21DD869}.Debug|iPhoneSimulator.ActiveCfg = Debug|iPhoneSimulator
		{D8C9E4E1-3021-44C4-91CE-5023A21DD869}.Debug|iPhoneSimulator.Build.0 = Debug|iPhoneSimulator
		{D8C9E4E1-3021-44C4-91CE-5023A21DD869}.Debug|x64.ActiveCfg = Debug|iPhone
		{D8C9E4E1-3021-44C4-91CE-5023A21DD869}.Debug|x86.ActiveCfg = Debug|iPhone
		{D8C9E4E1-3021-44C4-91CE-5023A21DD869}.Release|Any CPU.ActiveCfg = Release|iPhone
		{D8C9E4E1-3021-44C4-91CE-5023A21DD869}.Release|ARM.ActiveCfg = Release|iPhone
		{D8C9E4E1-3021-44C4-91CE-5023A21DD869}.Release|iPhone.ActiveCfg = Release|iPhone
		{D8C9E4E1-3021-44C4-91CE-5023A21DD869}.Release|iPhone.Build.0 = Release|iPhone
		{D8C9E4E1-3021-44C4-91CE-5023A21DD869}.Release|iPhoneSimulator.ActiveCfg = Release|iPhoneSimulator
		{D8C9E4E1-3021-44C4-91CE-5023A21DD869}.Release|iPhoneSimulator.Build.0 = Release|iPhoneSimulator
		{D8C9E4E1-3021-44C4-91CE-5023A21DD869}.Release|x64.ActiveCfg = Release|iPhone
		{D8C9E4E1-3021-44C4-91CE-5023A21DD869}.Release|x86.ActiveCfg = Release|iPhone
		{1EC612F6-E648-43C8-A057-18DD75B84627}.Ad-Hoc|Any CPU.ActiveCfg = Release|Any CPU
		{1EC612F6-E648-43C8-A057-18DD75B84627}.Ad-Hoc|Any CPU.Build.0 = Release|Any CPU
		{1EC612F6-E648-43C8-A057-18DD75B84627}.Ad-Hoc|Any CPU.Deploy.0 = Release|Any CPU
		{1EC612F6-E648-43C8-A057-18DD75B84627}.Ad-Hoc|ARM.ActiveCfg = Release|ARM
		{1EC612F6-E648-43C8-A057-18DD75B84627}.Ad-Hoc|ARM.Build.0 = Release|ARM
		{1EC612F6-E648-43C8-A057-18DD75B84627}.Ad-Hoc|ARM.Deploy.0 = Release|ARM
		{1EC612F6-E648-43C8-A057-18DD75B84627}.Ad-Hoc|iPhone.ActiveCfg = Release|Any CPU
		{1EC612F6-E648-43C8-A057-18DD75B84627}.Ad-Hoc|iPhone.Build.0 = Release|Any CPU
		{1EC612F6-E648-43C8-A057-18DD75B84627}.Ad-Hoc|iPhone.Deploy.0 = Release|Any CPU
		{1EC612F6-E648-43C8-A057-18DD75B84627}.Ad-Hoc|iPhoneSimulator.ActiveCfg = Release|Any CPU
		{1EC612F6-E648-43C8-A057-18DD75B84627}.Ad-Hoc|iPhoneSimulator.Build.0 = Release|Any CPU
		{1EC612F6-E648-43C8-A057-18DD75B84627}.Ad-Hoc|iPhoneSimulator.Deploy.0 = Release|Any CPU
		{1EC612F6-E648-43C8-A057-18DD75B84627}.Ad-Hoc|x64.ActiveCfg = Release|Any CPU
		{1EC612F6-E648-43C8-A057-18DD75B84627}.Ad-Hoc|x64.Build.0 = Release|Any CPU
		{1EC612F6-E648-43C8-A057-18DD75B84627}.Ad-Hoc|x64.Deploy.0 = Release|Any CPU
		{1EC612F6-E648-43C8-A057-18DD75B84627}.Ad-Hoc|x86.ActiveCfg = Release|x86
		{1EC612F6-E648-43C8-A057-18DD75B84627}.Ad-Hoc|x86.Build.0 = Release|x86
		{1EC612F6-E648-43C8-A057-18DD75B84627}.Ad-Hoc|x86.Deploy.0 = Release|x86
		{1EC612F6-E648-43C8-A057-18DD75B84627}.AppStore|Any CPU.ActiveCfg = Release|Any CPU
		{1EC612F6-E648-43C8-A057-18DD75B84627}.AppStore|Any CPU.Build.0 = Release|Any CPU
		{1EC612F6-E648-43C8-A057-18DD75B84627}.AppStore|Any CPU.Deploy.0 = Release|Any CPU
		{1EC612F6-E648-43C8-A057-18DD75B84627}.AppStore|ARM.ActiveCfg = Release|ARM
		{1EC612F6-E648-43C8-A057-18DD75B84627}.AppStore|ARM.Build.0 = Release|ARM
		{1EC612F6-E648-43C8-A057-18DD75B84627}.AppStore|ARM.Deploy.0 = Release|ARM
		{1EC612F6-E648-43C8-A057-18DD75B84627}.AppStore|iPhone.ActiveCfg = Release|Any CPU
		{1EC612F6-E648-43C8-A057-18DD75B84627}.AppStore|iPhone.Build.0 = Release|Any CPU
		{1EC612F6-E648-43C8-A057-18DD75B84627}.AppStore|iPhone.Deploy.0 = Release|Any CPU
		{1EC612F6-E648-43C8-A057-18DD75B84627}.AppStore|iPhoneSimulator.ActiveCfg = Release|Any CPU
		{1EC612F6-E648-43C8-A057-18DD75B84627}.AppStore|iPhoneSimulator.Build.0 = Release|Any CPU
		{1EC612F6-E648-43C8-A057-18DD75B84627}.AppStore|iPhoneSimulator.Deploy.0 = Release|Any CPU
		{1EC612F6-E648-43C8-A057-18DD75B84627}.AppStore|x64.ActiveCfg = Release|Any CPU
		{1EC612F6-E648-43C8-A057-18DD75B84627}.AppStore|x64.Build.0 = Release|Any CPU
		{1EC612F6-E648-43C8-A057-18DD75B84627}.AppStore|x64.Deploy.0 = Release|Any CPU
		{1EC612F6-E648-43C8-A057-18DD75B84627}.AppStore|x86.ActiveCfg = Release|x86
		{1EC612F6-E648-43C8-A057-18DD75B84627}.AppStore|x86.Build.0 = Release|x86
		{1EC612F6-E648-43C8-A057-18DD75B84627}.AppStore|x86.Deploy.0 = Release|x86
		{1EC612F6-E648-43C8-A057-18DD75B84627}.Debug|Any CPU.ActiveCfg = Debug|Any CPU
		{1EC612F6-E648-43C8-A057-18DD75B84627}.Debug|Any CPU.Build.0 = Debug|Any CPU
		{1EC612F6-E648-43C8-A057-18DD75B84627}.Debug|Any CPU.Deploy.0 = Debug|Any CPU
		{1EC612F6-E648-43C8-A057-18DD75B84627}.Debug|ARM.ActiveCfg = Debug|ARM
		{1EC612F6-E648-43C8-A057-18DD75B84627}.Debug|ARM.Build.0 = Debug|ARM
		{1EC612F6-E648-43C8-A057-18DD75B84627}.Debug|ARM.Deploy.0 = Debug|ARM
		{1EC612F6-E648-43C8-A057-18DD75B84627}.Debug|iPhone.ActiveCfg = Debug|Any CPU
		{1EC612F6-E648-43C8-A057-18DD75B84627}.Debug|iPhone.Build.0 = Debug|Any CPU
		{1EC612F6-E648-43C8-A057-18DD75B84627}.Debug|iPhone.Deploy.0 = Debug|Any CPU
		{1EC612F6-E648-43C8-A057-18DD75B84627}.Debug|iPhoneSimulator.ActiveCfg = Debug|Any CPU
		{1EC612F6-E648-43C8-A057-18DD75B84627}.Debug|iPhoneSimulator.Build.0 = Debug|Any CPU
		{1EC612F6-E648-43C8-A057-18DD75B84627}.Debug|iPhoneSimulator.Deploy.0 = Debug|Any CPU
		{1EC612F6-E648-43C8-A057-18DD75B84627}.Debug|x64.ActiveCfg = Debug|Any CPU
		{1EC612F6-E648-43C8-A057-18DD75B84627}.Debug|x64.Build.0 = Debug|Any CPU
		{1EC612F6-E648-43C8-A057-18DD75B84627}.Debug|x64.Deploy.0 = Debug|Any CPU
		{1EC612F6-E648-43C8-A057-18DD75B84627}.Debug|x86.ActiveCfg = Debug|x86
		{1EC612F6-E648-43C8-A057-18DD75B84627}.Debug|x86.Build.0 = Debug|x86
		{1EC612F6-E648-43C8-A057-18DD75B84627}.Debug|x86.Deploy.0 = Debug|x86
		{1EC612F6-E648-43C8-A057-18DD75B84627}.Release|Any CPU.ActiveCfg = Release|Any CPU
		{1EC612F6-E648-43C8-A057-18DD75B84627}.Release|Any CPU.Build.0 = Release|Any CPU
		{1EC612F6-E648-43C8-A057-18DD75B84627}.Release|Any CPU.Deploy.0 = Release|Any CPU
		{1EC612F6-E648-43C8-A057-18DD75B84627}.Release|ARM.ActiveCfg = Release|ARM
		{1EC612F6-E648-43C8-A057-18DD75B84627}.Release|ARM.Build.0 = Release|ARM
		{1EC612F6-E648-43C8-A057-18DD75B84627}.Release|ARM.Deploy.0 = Release|ARM
		{1EC612F6-E648-43C8-A057-18DD75B84627}.Release|iPhone.ActiveCfg = Release|Any CPU
		{1EC612F6-E648-43C8-A057-18DD75B84627}.Release|iPhone.Build.0 = Release|Any CPU
		{1EC612F6-E648-43C8-A057-18DD75B84627}.Release|iPhone.Deploy.0 = Release|Any CPU
		{1EC612F6-E648-43C8-A057-18DD75B84627}.Release|iPhoneSimulator.ActiveCfg = Release|Any CPU
		{1EC612F6-E648-43C8-A057-18DD75B84627}.Release|iPhoneSimulator.Build.0 = Release|Any CPU
		{1EC612F6-E648-43C8-A057-18DD75B84627}.Release|iPhoneSimulator.Deploy.0 = Release|Any CPU
		{1EC612F6-E648-43C8-A057-18DD75B84627}.Release|x64.ActiveCfg = Release|Any CPU
		{1EC612F6-E648-43C8-A057-18DD75B84627}.Release|x64.Build.0 = Release|Any CPU
		{1EC612F6-E648-43C8-A057-18DD75B84627}.Release|x64.Deploy.0 = Release|Any CPU
		{1EC612F6-E648-43C8-A057-18DD75B84627}.Release|x86.ActiveCfg = Release|x86
		{1EC612F6-E648-43C8-A057-18DD75B84627}.Release|x86.Build.0 = Release|x86
		{1EC612F6-E648-43C8-A057-18DD75B84627}.Release|x86.Deploy.0 = Release|x86
		{A4C4B49E-30F4-43D2-8F9A-CA1B52D6BCB1}.Ad-Hoc|Any CPU.ActiveCfg = Release|x86
		{A4C4B49E-30F4-43D2-8F9A-CA1B52D6BCB1}.Ad-Hoc|Any CPU.Build.0 = Release|x86
		{A4C4B49E-30F4-43D2-8F9A-CA1B52D6BCB1}.Ad-Hoc|Any CPU.Deploy.0 = Release|x86
		{A4C4B49E-30F4-43D2-8F9A-CA1B52D6BCB1}.Ad-Hoc|ARM.ActiveCfg = Release|ARM
		{A4C4B49E-30F4-43D2-8F9A-CA1B52D6BCB1}.Ad-Hoc|ARM.Build.0 = Release|ARM
		{A4C4B49E-30F4-43D2-8F9A-CA1B52D6BCB1}.Ad-Hoc|ARM.Deploy.0 = Release|ARM
		{A4C4B49E-30F4-43D2-8F9A-CA1B52D6BCB1}.Ad-Hoc|iPhone.ActiveCfg = Release|x86
		{A4C4B49E-30F4-43D2-8F9A-CA1B52D6BCB1}.Ad-Hoc|iPhone.Build.0 = Release|x86
		{A4C4B49E-30F4-43D2-8F9A-CA1B52D6BCB1}.Ad-Hoc|iPhone.Deploy.0 = Release|x86
		{A4C4B49E-30F4-43D2-8F9A-CA1B52D6BCB1}.Ad-Hoc|iPhoneSimulator.ActiveCfg = Release|x86
		{A4C4B49E-30F4-43D2-8F9A-CA1B52D6BCB1}.Ad-Hoc|iPhoneSimulator.Build.0 = Release|x86
		{A4C4B49E-30F4-43D2-8F9A-CA1B52D6BCB1}.Ad-Hoc|iPhoneSimulator.Deploy.0 = Release|x86
		{A4C4B49E-30F4-43D2-8F9A-CA1B52D6BCB1}.Ad-Hoc|x64.ActiveCfg = Release|x64
		{A4C4B49E-30F4-43D2-8F9A-CA1B52D6BCB1}.Ad-Hoc|x64.Build.0 = Release|x64
		{A4C4B49E-30F4-43D2-8F9A-CA1B52D6BCB1}.Ad-Hoc|x64.Deploy.0 = Release|x64
		{A4C4B49E-30F4-43D2-8F9A-CA1B52D6BCB1}.Ad-Hoc|x86.ActiveCfg = Release|x86
		{A4C4B49E-30F4-43D2-8F9A-CA1B52D6BCB1}.Ad-Hoc|x86.Build.0 = Release|x86
		{A4C4B49E-30F4-43D2-8F9A-CA1B52D6BCB1}.Ad-Hoc|x86.Deploy.0 = Release|x86
		{A4C4B49E-30F4-43D2-8F9A-CA1B52D6BCB1}.AppStore|Any CPU.ActiveCfg = Release|x86
		{A4C4B49E-30F4-43D2-8F9A-CA1B52D6BCB1}.AppStore|Any CPU.Build.0 = Release|x86
		{A4C4B49E-30F4-43D2-8F9A-CA1B52D6BCB1}.AppStore|Any CPU.Deploy.0 = Release|x86
		{A4C4B49E-30F4-43D2-8F9A-CA1B52D6BCB1}.AppStore|ARM.ActiveCfg = Release|ARM
		{A4C4B49E-30F4-43D2-8F9A-CA1B52D6BCB1}.AppStore|ARM.Build.0 = Release|ARM
		{A4C4B49E-30F4-43D2-8F9A-CA1B52D6BCB1}.AppStore|ARM.Deploy.0 = Release|ARM
		{A4C4B49E-30F4-43D2-8F9A-CA1B52D6BCB1}.AppStore|iPhone.ActiveCfg = Release|x86
		{A4C4B49E-30F4-43D2-8F9A-CA1B52D6BCB1}.AppStore|iPhone.Build.0 = Release|x86
		{A4C4B49E-30F4-43D2-8F9A-CA1B52D6BCB1}.AppStore|iPhone.Deploy.0 = Release|x86
		{A4C4B49E-30F4-43D2-8F9A-CA1B52D6BCB1}.AppStore|iPhoneSimulator.ActiveCfg = Release|x86
		{A4C4B49E-30F4-43D2-8F9A-CA1B52D6BCB1}.AppStore|iPhoneSimulator.Build.0 = Release|x86
		{A4C4B49E-30F4-43D2-8F9A-CA1B52D6BCB1}.AppStore|iPhoneSimulator.Deploy.0 = Release|x86
		{A4C4B49E-30F4-43D2-8F9A-CA1B52D6BCB1}.AppStore|x64.ActiveCfg = Release|x64
		{A4C4B49E-30F4-43D2-8F9A-CA1B52D6BCB1}.AppStore|x64.Build.0 = Release|x64
		{A4C4B49E-30F4-43D2-8F9A-CA1B52D6BCB1}.AppStore|x64.Deploy.0 = Release|x64
		{A4C4B49E-30F4-43D2-8F9A-CA1B52D6BCB1}.AppStore|x86.ActiveCfg = Release|x86
		{A4C4B49E-30F4-43D2-8F9A-CA1B52D6BCB1}.AppStore|x86.Build.0 = Release|x86
		{A4C4B49E-30F4-43D2-8F9A-CA1B52D6BCB1}.AppStore|x86.Deploy.0 = Release|x86
		{A4C4B49E-30F4-43D2-8F9A-CA1B52D6BCB1}.Debug|Any CPU.ActiveCfg = Debug|x86
		{A4C4B49E-30F4-43D2-8F9A-CA1B52D6BCB1}.Debug|ARM.ActiveCfg = Debug|ARM
		{A4C4B49E-30F4-43D2-8F9A-CA1B52D6BCB1}.Debug|ARM.Build.0 = Debug|ARM
		{A4C4B49E-30F4-43D2-8F9A-CA1B52D6BCB1}.Debug|ARM.Deploy.0 = Debug|ARM
		{A4C4B49E-30F4-43D2-8F9A-CA1B52D6BCB1}.Debug|iPhone.ActiveCfg = Debug|x86
		{A4C4B49E-30F4-43D2-8F9A-CA1B52D6BCB1}.Debug|iPhoneSimulator.ActiveCfg = Debug|x86
		{A4C4B49E-30F4-43D2-8F9A-CA1B52D6BCB1}.Debug|x64.ActiveCfg = Debug|x64
		{A4C4B49E-30F4-43D2-8F9A-CA1B52D6BCB1}.Debug|x64.Build.0 = Debug|x64
		{A4C4B49E-30F4-43D2-8F9A-CA1B52D6BCB1}.Debug|x64.Deploy.0 = Debug|x64
		{A4C4B49E-30F4-43D2-8F9A-CA1B52D6BCB1}.Debug|x86.ActiveCfg = Debug|x86
		{A4C4B49E-30F4-43D2-8F9A-CA1B52D6BCB1}.Debug|x86.Build.0 = Debug|x86
		{A4C4B49E-30F4-43D2-8F9A-CA1B52D6BCB1}.Debug|x86.Deploy.0 = Debug|x86
		{A4C4B49E-30F4-43D2-8F9A-CA1B52D6BCB1}.Release|Any CPU.ActiveCfg = Release|x86
		{A4C4B49E-30F4-43D2-8F9A-CA1B52D6BCB1}.Release|ARM.ActiveCfg = Release|ARM
		{A4C4B49E-30F4-43D2-8F9A-CA1B52D6BCB1}.Release|ARM.Build.0 = Release|ARM
		{A4C4B49E-30F4-43D2-8F9A-CA1B52D6BCB1}.Release|ARM.Deploy.0 = Release|ARM
		{A4C4B49E-30F4-43D2-8F9A-CA1B52D6BCB1}.Release|iPhone.ActiveCfg = Release|x86
		{A4C4B49E-30F4-43D2-8F9A-CA1B52D6BCB1}.Release|iPhoneSimulator.ActiveCfg = Release|x86
		{A4C4B49E-30F4-43D2-8F9A-CA1B52D6BCB1}.Release|x64.ActiveCfg = Release|x64
		{A4C4B49E-30F4-43D2-8F9A-CA1B52D6BCB1}.Release|x64.Build.0 = Release|x64
		{A4C4B49E-30F4-43D2-8F9A-CA1B52D6BCB1}.Release|x64.Deploy.0 = Release|x64
		{A4C4B49E-30F4-43D2-8F9A-CA1B52D6BCB1}.Release|x86.ActiveCfg = Release|x86
		{A4C4B49E-30F4-43D2-8F9A-CA1B52D6BCB1}.Release|x86.Build.0 = Release|x86
		{A4C4B49E-30F4-43D2-8F9A-CA1B52D6BCB1}.Release|x86.Deploy.0 = Release|x86
		{A3BA3B81-8DB5-4982-B248-E7E7F6BF4361}.Ad-Hoc|Any CPU.ActiveCfg = Release|Any CPU
		{A3BA3B81-8DB5-4982-B248-E7E7F6BF4361}.Ad-Hoc|Any CPU.Build.0 = Release|Any CPU
		{A3BA3B81-8DB5-4982-B248-E7E7F6BF4361}.Ad-Hoc|Any CPU.Deploy.0 = Release|Any CPU
		{A3BA3B81-8DB5-4982-B248-E7E7F6BF4361}.Ad-Hoc|ARM.ActiveCfg = Release|ARM
		{A3BA3B81-8DB5-4982-B248-E7E7F6BF4361}.Ad-Hoc|ARM.Build.0 = Release|ARM
		{A3BA3B81-8DB5-4982-B248-E7E7F6BF4361}.Ad-Hoc|ARM.Deploy.0 = Release|ARM
		{A3BA3B81-8DB5-4982-B248-E7E7F6BF4361}.Ad-Hoc|iPhone.ActiveCfg = Release|Any CPU
		{A3BA3B81-8DB5-4982-B248-E7E7F6BF4361}.Ad-Hoc|iPhone.Build.0 = Release|Any CPU
		{A3BA3B81-8DB5-4982-B248-E7E7F6BF4361}.Ad-Hoc|iPhone.Deploy.0 = Release|Any CPU
		{A3BA3B81-8DB5-4982-B248-E7E7F6BF4361}.Ad-Hoc|iPhoneSimulator.ActiveCfg = Release|Any CPU
		{A3BA3B81-8DB5-4982-B248-E7E7F6BF4361}.Ad-Hoc|iPhoneSimulator.Build.0 = Release|Any CPU
		{A3BA3B81-8DB5-4982-B248-E7E7F6BF4361}.Ad-Hoc|iPhoneSimulator.Deploy.0 = Release|Any CPU
		{A3BA3B81-8DB5-4982-B248-E7E7F6BF4361}.Ad-Hoc|x64.ActiveCfg = Release|x64
		{A3BA3B81-8DB5-4982-B248-E7E7F6BF4361}.Ad-Hoc|x64.Build.0 = Release|x64
		{A3BA3B81-8DB5-4982-B248-E7E7F6BF4361}.Ad-Hoc|x64.Deploy.0 = Release|x64
		{A3BA3B81-8DB5-4982-B248-E7E7F6BF4361}.Ad-Hoc|x86.ActiveCfg = Release|x86
		{A3BA3B81-8DB5-4982-B248-E7E7F6BF4361}.Ad-Hoc|x86.Build.0 = Release|x86
		{A3BA3B81-8DB5-4982-B248-E7E7F6BF4361}.Ad-Hoc|x86.Deploy.0 = Release|x86
		{A3BA3B81-8DB5-4982-B248-E7E7F6BF4361}.AppStore|Any CPU.ActiveCfg = Release|Any CPU
		{A3BA3B81-8DB5-4982-B248-E7E7F6BF4361}.AppStore|Any CPU.Build.0 = Release|Any CPU
		{A3BA3B81-8DB5-4982-B248-E7E7F6BF4361}.AppStore|Any CPU.Deploy.0 = Release|Any CPU
		{A3BA3B81-8DB5-4982-B248-E7E7F6BF4361}.AppStore|ARM.ActiveCfg = Release|ARM
		{A3BA3B81-8DB5-4982-B248-E7E7F6BF4361}.AppStore|ARM.Build.0 = Release|ARM
		{A3BA3B81-8DB5-4982-B248-E7E7F6BF4361}.AppStore|ARM.Deploy.0 = Release|ARM
		{A3BA3B81-8DB5-4982-B248-E7E7F6BF4361}.AppStore|iPhone.ActiveCfg = Release|Any CPU
		{A3BA3B81-8DB5-4982-B248-E7E7F6BF4361}.AppStore|iPhone.Build.0 = Release|Any CPU
		{A3BA3B81-8DB5-4982-B248-E7E7F6BF4361}.AppStore|iPhone.Deploy.0 = Release|Any CPU
		{A3BA3B81-8DB5-4982-B248-E7E7F6BF4361}.AppStore|iPhoneSimulator.ActiveCfg = Release|Any CPU
		{A3BA3B81-8DB5-4982-B248-E7E7F6BF4361}.AppStore|iPhoneSimulator.Build.0 = Release|Any CPU
		{A3BA3B81-8DB5-4982-B248-E7E7F6BF4361}.AppStore|iPhoneSimulator.Deploy.0 = Release|Any CPU
		{A3BA3B81-8DB5-4982-B248-E7E7F6BF4361}.AppStore|x64.ActiveCfg = Release|x64
		{A3BA3B81-8DB5-4982-B248-E7E7F6BF4361}.AppStore|x64.Build.0 = Release|x64
		{A3BA3B81-8DB5-4982-B248-E7E7F6BF4361}.AppStore|x64.Deploy.0 = Release|x64
		{A3BA3B81-8DB5-4982-B248-E7E7F6BF4361}.AppStore|x86.ActiveCfg = Release|x86
		{A3BA3B81-8DB5-4982-B248-E7E7F6BF4361}.AppStore|x86.Build.0 = Release|x86
		{A3BA3B81-8DB5-4982-B248-E7E7F6BF4361}.AppStore|x86.Deploy.0 = Release|x86
		{A3BA3B81-8DB5-4982-B248-E7E7F6BF4361}.Debug|Any CPU.ActiveCfg = Debug|Any CPU
		{A3BA3B81-8DB5-4982-B248-E7E7F6BF4361}.Debug|Any CPU.Build.0 = Debug|Any CPU
		{A3BA3B81-8DB5-4982-B248-E7E7F6BF4361}.Debug|Any CPU.Deploy.0 = Debug|Any CPU
		{A3BA3B81-8DB5-4982-B248-E7E7F6BF4361}.Debug|ARM.ActiveCfg = Debug|ARM
		{A3BA3B81-8DB5-4982-B248-E7E7F6BF4361}.Debug|ARM.Build.0 = Debug|ARM
		{A3BA3B81-8DB5-4982-B248-E7E7F6BF4361}.Debug|ARM.Deploy.0 = Debug|ARM
		{A3BA3B81-8DB5-4982-B248-E7E7F6BF4361}.Debug|iPhone.ActiveCfg = Debug|Any CPU
		{A3BA3B81-8DB5-4982-B248-E7E7F6BF4361}.Debug|iPhone.Build.0 = Debug|Any CPU
		{A3BA3B81-8DB5-4982-B248-E7E7F6BF4361}.Debug|iPhone.Deploy.0 = Debug|Any CPU
		{A3BA3B81-8DB5-4982-B248-E7E7F6BF4361}.Debug|iPhoneSimulator.ActiveCfg = Debug|Any CPU
		{A3BA3B81-8DB5-4982-B248-E7E7F6BF4361}.Debug|iPhoneSimulator.Build.0 = Debug|Any CPU
		{A3BA3B81-8DB5-4982-B248-E7E7F6BF4361}.Debug|iPhoneSimulator.Deploy.0 = Debug|Any CPU
		{A3BA3B81-8DB5-4982-B248-E7E7F6BF4361}.Debug|x64.ActiveCfg = Debug|x64
		{A3BA3B81-8DB5-4982-B248-E7E7F6BF4361}.Debug|x64.Build.0 = Debug|x64
		{A3BA3B81-8DB5-4982-B248-E7E7F6BF4361}.Debug|x64.Deploy.0 = Debug|x64
		{A3BA3B81-8DB5-4982-B248-E7E7F6BF4361}.Debug|x86.ActiveCfg = Debug|x86
		{A3BA3B81-8DB5-4982-B248-E7E7F6BF4361}.Debug|x86.Build.0 = Debug|x86
		{A3BA3B81-8DB5-4982-B248-E7E7F6BF4361}.Debug|x86.Deploy.0 = Debug|x86
		{A3BA3B81-8DB5-4982-B248-E7E7F6BF4361}.Release|Any CPU.ActiveCfg = Release|Any CPU
		{A3BA3B81-8DB5-4982-B248-E7E7F6BF4361}.Release|Any CPU.Build.0 = Release|Any CPU
		{A3BA3B81-8DB5-4982-B248-E7E7F6BF4361}.Release|Any CPU.Deploy.0 = Release|Any CPU
		{A3BA3B81-8DB5-4982-B248-E7E7F6BF4361}.Release|ARM.ActiveCfg = Release|ARM
		{A3BA3B81-8DB5-4982-B248-E7E7F6BF4361}.Release|ARM.Build.0 = Release|ARM
		{A3BA3B81-8DB5-4982-B248-E7E7F6BF4361}.Release|ARM.Deploy.0 = Release|ARM
		{A3BA3B81-8DB5-4982-B248-E7E7F6BF4361}.Release|iPhone.ActiveCfg = Release|Any CPU
		{A3BA3B81-8DB5-4982-B248-E7E7F6BF4361}.Release|iPhone.Build.0 = Release|Any CPU
		{A3BA3B81-8DB5-4982-B248-E7E7F6BF4361}.Release|iPhone.Deploy.0 = Release|Any CPU
		{A3BA3B81-8DB5-4982-B248-E7E7F6BF4361}.Release|iPhoneSimulator.ActiveCfg = Release|Any CPU
		{A3BA3B81-8DB5-4982-B248-E7E7F6BF4361}.Release|iPhoneSimulator.Build.0 = Release|Any CPU
		{A3BA3B81-8DB5-4982-B248-E7E7F6BF4361}.Release|iPhoneSimulator.Deploy.0 = Release|Any CPU
		{A3BA3B81-8DB5-4982-B248-E7E7F6BF4361}.Release|x64.ActiveCfg = Release|x64
		{A3BA3B81-8DB5-4982-B248-E7E7F6BF4361}.Release|x64.Build.0 = Release|x64
		{A3BA3B81-8DB5-4982-B248-E7E7F6BF4361}.Release|x64.Deploy.0 = Release|x64
		{A3BA3B81-8DB5-4982-B248-E7E7F6BF4361}.Release|x86.ActiveCfg = Release|x86
		{A3BA3B81-8DB5-4982-B248-E7E7F6BF4361}.Release|x86.Build.0 = Release|x86
		{A3BA3B81-8DB5-4982-B248-E7E7F6BF4361}.Release|x86.Deploy.0 = Release|x86
		{A2C19CFC-7296-4F80-BE9B-8A6E87AC0DBE}.Ad-Hoc|Any CPU.ActiveCfg = Release|Any CPU
		{A2C19CFC-7296-4F80-BE9B-8A6E87AC0DBE}.Ad-Hoc|Any CPU.Build.0 = Release|Any CPU
		{A2C19CFC-7296-4F80-BE9B-8A6E87AC0DBE}.Ad-Hoc|ARM.ActiveCfg = Release|Any CPU
		{A2C19CFC-7296-4F80-BE9B-8A6E87AC0DBE}.Ad-Hoc|ARM.Build.0 = Release|Any CPU
		{A2C19CFC-7296-4F80-BE9B-8A6E87AC0DBE}.Ad-Hoc|iPhone.ActiveCfg = Release|Any CPU
		{A2C19CFC-7296-4F80-BE9B-8A6E87AC0DBE}.Ad-Hoc|iPhone.Build.0 = Release|Any CPU
		{A2C19CFC-7296-4F80-BE9B-8A6E87AC0DBE}.Ad-Hoc|iPhoneSimulator.ActiveCfg = Release|Any CPU
		{A2C19CFC-7296-4F80-BE9B-8A6E87AC0DBE}.Ad-Hoc|iPhoneSimulator.Build.0 = Release|Any CPU
		{A2C19CFC-7296-4F80-BE9B-8A6E87AC0DBE}.Ad-Hoc|x64.ActiveCfg = Release|Any CPU
		{A2C19CFC-7296-4F80-BE9B-8A6E87AC0DBE}.Ad-Hoc|x64.Build.0 = Release|Any CPU
		{A2C19CFC-7296-4F80-BE9B-8A6E87AC0DBE}.Ad-Hoc|x86.ActiveCfg = Release|Any CPU
		{A2C19CFC-7296-4F80-BE9B-8A6E87AC0DBE}.Ad-Hoc|x86.Build.0 = Release|Any CPU
		{A2C19CFC-7296-4F80-BE9B-8A6E87AC0DBE}.AppStore|Any CPU.ActiveCfg = Release|Any CPU
		{A2C19CFC-7296-4F80-BE9B-8A6E87AC0DBE}.AppStore|Any CPU.Build.0 = Release|Any CPU
		{A2C19CFC-7296-4F80-BE9B-8A6E87AC0DBE}.AppStore|ARM.ActiveCfg = Release|Any CPU
		{A2C19CFC-7296-4F80-BE9B-8A6E87AC0DBE}.AppStore|ARM.Build.0 = Release|Any CPU
		{A2C19CFC-7296-4F80-BE9B-8A6E87AC0DBE}.AppStore|iPhone.ActiveCfg = Release|Any CPU
		{A2C19CFC-7296-4F80-BE9B-8A6E87AC0DBE}.AppStore|iPhone.Build.0 = Release|Any CPU
		{A2C19CFC-7296-4F80-BE9B-8A6E87AC0DBE}.AppStore|iPhoneSimulator.ActiveCfg = Release|Any CPU
		{A2C19CFC-7296-4F80-BE9B-8A6E87AC0DBE}.AppStore|iPhoneSimulator.Build.0 = Release|Any CPU
		{A2C19CFC-7296-4F80-BE9B-8A6E87AC0DBE}.AppStore|x64.ActiveCfg = Release|Any CPU
		{A2C19CFC-7296-4F80-BE9B-8A6E87AC0DBE}.AppStore|x64.Build.0 = Release|Any CPU
		{A2C19CFC-7296-4F80-BE9B-8A6E87AC0DBE}.AppStore|x86.ActiveCfg = Release|Any CPU
		{A2C19CFC-7296-4F80-BE9B-8A6E87AC0DBE}.AppStore|x86.Build.0 = Release|Any CPU
		{A2C19CFC-7296-4F80-BE9B-8A6E87AC0DBE}.Debug|Any CPU.ActiveCfg = Debug|Any CPU
		{A2C19CFC-7296-4F80-BE9B-8A6E87AC0DBE}.Debug|Any CPU.Build.0 = Debug|Any CPU
		{A2C19CFC-7296-4F80-BE9B-8A6E87AC0DBE}.Debug|ARM.ActiveCfg = Debug|Any CPU
		{A2C19CFC-7296-4F80-BE9B-8A6E87AC0DBE}.Debug|ARM.Build.0 = Debug|Any CPU
		{A2C19CFC-7296-4F80-BE9B-8A6E87AC0DBE}.Debug|iPhone.ActiveCfg = Debug|Any CPU
		{A2C19CFC-7296-4F80-BE9B-8A6E87AC0DBE}.Debug|iPhone.Build.0 = Debug|Any CPU
		{A2C19CFC-7296-4F80-BE9B-8A6E87AC0DBE}.Debug|iPhoneSimulator.ActiveCfg = Debug|Any CPU
		{A2C19CFC-7296-4F80-BE9B-8A6E87AC0DBE}.Debug|iPhoneSimulator.Build.0 = Debug|Any CPU
		{A2C19CFC-7296-4F80-BE9B-8A6E87AC0DBE}.Debug|x64.ActiveCfg = Debug|Any CPU
		{A2C19CFC-7296-4F80-BE9B-8A6E87AC0DBE}.Debug|x64.Build.0 = Debug|Any CPU
		{A2C19CFC-7296-4F80-BE9B-8A6E87AC0DBE}.Debug|x86.ActiveCfg = Debug|Any CPU
		{A2C19CFC-7296-4F80-BE9B-8A6E87AC0DBE}.Debug|x86.Build.0 = Debug|Any CPU
		{A2C19CFC-7296-4F80-BE9B-8A6E87AC0DBE}.Release|Any CPU.ActiveCfg = Release|Any CPU
		{A2C19CFC-7296-4F80-BE9B-8A6E87AC0DBE}.Release|Any CPU.Build.0 = Release|Any CPU
		{A2C19CFC-7296-4F80-BE9B-8A6E87AC0DBE}.Release|ARM.ActiveCfg = Release|Any CPU
		{A2C19CFC-7296-4F80-BE9B-8A6E87AC0DBE}.Release|ARM.Build.0 = Release|Any CPU
		{A2C19CFC-7296-4F80-BE9B-8A6E87AC0DBE}.Release|iPhone.ActiveCfg = Release|Any CPU
		{A2C19CFC-7296-4F80-BE9B-8A6E87AC0DBE}.Release|iPhone.Build.0 = Release|Any CPU
		{A2C19CFC-7296-4F80-BE9B-8A6E87AC0DBE}.Release|iPhoneSimulator.ActiveCfg = Release|Any CPU
		{A2C19CFC-7296-4F80-BE9B-8A6E87AC0DBE}.Release|iPhoneSimulator.Build.0 = Release|Any CPU
		{A2C19CFC-7296-4F80-BE9B-8A6E87AC0DBE}.Release|x64.ActiveCfg = Release|Any CPU
		{A2C19CFC-7296-4F80-BE9B-8A6E87AC0DBE}.Release|x64.Build.0 = Release|Any CPU
		{A2C19CFC-7296-4F80-BE9B-8A6E87AC0DBE}.Release|x86.ActiveCfg = Release|Any CPU
		{A2C19CFC-7296-4F80-BE9B-8A6E87AC0DBE}.Release|x86.Build.0 = Release|Any CPU
	EndGlobalSection
	GlobalSection(SolutionProperties) = preSolution
		HideSolutionNode = FALSE
	EndGlobalSection
	GlobalSection(NestedProjects) = preSolution
		{673AB4C3-7C2D-4119-AA6B-FA914E871F52} = {1A9FA4F2-AAE4-4434-8C51-5DE821329E1E}
		{96447738-E8A8-40C4-A90B-0E22326022B3} = {1A9FA4F2-AAE4-4434-8C51-5DE821329E1E}
		{D8C9E4E1-3021-44C4-91CE-5023A21DD869} = {1A9FA4F2-AAE4-4434-8C51-5DE821329E1E}
		{1EC612F6-E648-43C8-A057-18DD75B84627} = {1A9FA4F2-AAE4-4434-8C51-5DE821329E1E}
		{A4C4B49E-30F4-43D2-8F9A-CA1B52D6BCB1} = {1A9FA4F2-AAE4-4434-8C51-5DE821329E1E}
		{A3BA3B81-8DB5-4982-B248-E7E7F6BF4361} = {1A9FA4F2-AAE4-4434-8C51-5DE821329E1E}
	EndGlobalSection
EndGlobal
